
Microsoft Visual Studio Solution File, Format Version 12.00
# Visual Studio 15
VisualStudioVersion = 15.0.28307.136
MinimumVisualStudioVersion = 10.0.40219.1
Project("{159641D6-6404-4A2A-AE62-294DE0FE8301}") = "test1", "test1\test1.dtproj", "{C3886287-FE19-4CDD-AA58-5C33F2987E6F}"
EndProject
Global
	GlobalSection(SolutionConfigurationPlatforms) = preSolution
		Development|Default = Development|Default
	EndGlobalSection
	GlobalSection(ProjectConfigurationPlatforms) = postSolution
		{C3886287-FE19-4CDD-AA58-5C33F2987E6F}.Development|Default.ActiveCfg = Development
		{C3886287-FE19-4CDD-AA58-5C33F2987E6F}.Development|Default.Build.0 = Development
	EndGlobalSection
	GlobalSection(SolutionProperties) = preSolution
		HideSolutionNode = FALSE
	EndGlobalSection
	GlobalSection(ExtensibilityGlobals) = postSolution
		SolutionGuid = {38F535A3-2016-46AB-B8E4-5814DA4E5876}
	EndGlobalSection
EndGlobal
